
Microsoft Visual Studio Solution File, Format Version 12.00
# Visual Studio Version 16
VisualStudioVersion = 16.0.29613.14
MinimumVisualStudioVersion = 10.0.40219.1
Project("{8BC9CEB8-8B4A-11D0-8D11-00A0C91BC942}") = "CS2_Project1", "CS2_Project1\CS2_Project1.vcxproj", "{A1E6457C-AF15-4FB9-8562-786B6E5FB047}"
EndProject
Global
	GlobalSection(SolutionConfigurationPlatforms) = preSolution
		Debug|x64 = Debug|x64
		Debug|x86 = Debug|x86
		Release|x64 = Release|x64
		Release|x86 = Release|x86
	EndGlobalSection
	GlobalSection(ProjectConfigurationPlatforms) = postSolution
		{A1E6457C-AF15-4FB9-8562-786B6E5FB047}.Debug|x64.ActiveCfg = Debug|x64
		{A1E6457C-AF15-4FB9-8562-786B6E5FB047}.Debug|x64.Build.0 = Debug|x64
		{A1E6457C-AF15-4FB9-8562-786B6E5FB047}.Debug|x86.ActiveCfg = Debug|Win32
		{A1E6457C-AF15-4FB9-8562-786B6E5FB047}.Debug|x86.Build.0 = Debug|Win32
		{A1E6457C-AF15-4FB9-8562-786B6E5FB047}.Release|x64.ActiveCfg = Release|x64
		{A1E6457C-AF15-4FB9-8562-786B6E5FB047}.Release|x64.Build.0 = Release|x64
		{A1E6457C-AF15-4FB9-8562-786B6E5FB047}.Release|x86.ActiveCfg = Release|Win32
		{A1E6457C-AF15-4FB9-8562-786B6E5FB047}.Release|x86.Build.0 = Release|Win32
	EndGlobalSection
	GlobalSection(SolutionProperties) = preSolution
		HideSolutionNode = FALSE
	EndGlobalSection
	GlobalSection(ExtensibilityGlobals) = postSolution
		SolutionGuid = {192E7F42-EBAA-4429-B982-6C7FBDAEAEE9}
	EndGlobalSection
EndGlobal
